# THIS IS AN AUTOGENERATED FILE. DO NOT EDIT THIS FILE DIRECTLY.
# yarn lockfile v1


"@formatjs/ecma402-abstract@1.15.0":
  version "1.15.0"
  resolved "https://registry.yarnpkg.com/@formatjs/ecma402-abstract/-/ecma402-abstract-1.15.0.tgz#0a285a5dc69889e15d53803bd5036272e23e5a18"
  integrity sha512-7bAYAv0w4AIao9DNg0avfOLTCPE9woAgs6SpXuMq11IN3A+l+cq8ghczwqSZBM11myvPSJA7vLn72q0rJ0QK6Q==
  dependencies:
    "@formatjs/intl-localematcher" "0.2.32"
    tslib "^2.4.0"

"@formatjs/fast-memoize@2.0.1":
  version "2.0.1"
  resolved "https://registry.yarnpkg.com/@formatjs/fast-memoize/-/fast-memoize-2.0.1.tgz#f15aaa73caad5562899c69bdcad8db82adcd3b0b"
  integrity sha512-M2GgV+qJn5WJQAYewz7q2Cdl6fobQa69S1AzSM2y0P68ZDbK5cWrJIcPCO395Of1ksftGZoOt4LYCO/j9BKBSA==
  dependencies:
    tslib "^2.4.0"

"@formatjs/icu-messageformat-parser@2.4.0":
  version "2.4.0"
  resolved "https://registry.yarnpkg.com/@formatjs/icu-messageformat-parser/-/icu-messageformat-parser-2.4.0.tgz#e165f3594c68416ce15f63793768251de2a85f88"
  integrity sha512-6Dh5Z/gp4F/HovXXu/vmd0If5NbYLB5dZrmhWVNb+BOGOEU3wt7Z/83KY1dtd7IDhAnYHasbmKE1RbTE0J+3hw==
  dependencies:
    "@formatjs/ecma402-abstract" "1.15.0"
    "@formatjs/icu-skeleton-parser" "1.4.0"
    tslib "^2.4.0"

"@formatjs/icu-skeleton-parser@1.4.0":
  version "1.4.0"
  resolved "https://registry.yarnpkg.com/@formatjs/icu-skeleton-parser/-/icu-skeleton-parser-1.4.0.tgz#96342eca7c4eef7a309875569e5da973db3465e6"
  integrity sha512-Qq347VM616rVLkvN6QsKJELazRyNlbCiN47LdH0Mc5U7E2xV0vatiVhGqd3KFgbc055BvtnUXR7XX60dCGFuWg==
  dependencies:
    "@formatjs/ecma402-abstract" "1.15.0"
    tslib "^2.4.0"

"@formatjs/intl-displaynames@6.3.2":
  version "6.3.2"
  resolved "https://registry.yarnpkg.com/@formatjs/intl-displaynames/-/intl-displaynames-6.3.2.tgz#be169393a132eed9ca9c10ccb9d22ab150e24c90"
  integrity sha512-kBOh0O7QYKLUqaZujLSEF2+au017plPp63R6Hrokl+oDtLyTt9y9pEuCTbOKh/P8CC9THnDLKRKgeVWZw5Ek8A==
  dependencies:
    "@formatjs/ecma402-abstract" "1.15.0"
    "@formatjs/intl-localematcher" "0.2.32"
    tslib "^2.4.0"

"@formatjs/intl-listformat@7.2.2":
  version "7.2.2"
  resolved "https://registry.yarnpkg.com/@formatjs/intl-listformat/-/intl-listformat-7.2.2.tgz#d787932b5d6f1f936c73c5fec531692ab7069c7a"
  integrity sha512-YIruRGwUrmgVOXjWi6VbwPcRNBkEfgK2DFjyyqopCmpfJ+39vnl46oLpVchErnuXs6kkARy5GcGaGV7xRsH4lw==
  dependencies:
    "@formatjs/ecma402-abstract" "1.15.0"
    "@formatjs/intl-localematcher" "0.2.32"
    tslib "^2.4.0"

"@formatjs/intl-localematcher@0.2.32":
  version "0.2.32"
  resolved "https://registry.yarnpkg.com/@formatjs/intl-localematcher/-/intl-localematcher-0.2.32.tgz#00d4d307cd7d514b298e15a11a369b86c8933ec1"
  integrity sha512-k/MEBstff4sttohyEpXxCmC3MqbUn9VvHGlZ8fauLzkbwXmVrEeyzS+4uhrvAk9DWU9/7otYWxyDox4nT/KVLQ==
  dependencies:
    tslib "^2.4.0"

"@formatjs/intl@2.7.2":
  version "2.7.2"
  resolved "https://registry.yarnpkg.com/@formatjs/intl/-/intl-2.7.2.tgz#83dc77080a984d4883195bed39eedd947ebfd3d7"
  integrity sha512-ziiQfnXwY0/rXhtohSAmYMqDjRsihoMKdl8H2aA+FvxG9638E0XrvfBFCb+1HhimNiuqRz5fTY7F/bZtsJxsjA==
  dependencies:
    "@formatjs/ecma402-abstract" "1.15.0"
    "@formatjs/fast-memoize" "2.0.1"
    "@formatjs/icu-messageformat-parser" "2.4.0"
    "@formatjs/intl-displaynames" "6.3.2"
    "@formatjs/intl-listformat" "7.2.2"
    intl-messageformat "10.3.5"
    tslib "^2.4.0"

"@types/hoist-non-react-statics@^3.3.1":
  version "3.3.1"
  resolved "https://registry.yarnpkg.com/@types/hoist-non-react-statics/-/hoist-non-react-statics-3.3.1.tgz#1124aafe5118cb591977aeb1ceaaed1070eb039f"
  integrity sha512-iMIqiko6ooLrTh1joXodJK5X9xeEALT1kM5G3ZLhD3hszxBdIEd5C75U834D9mLcINgD4OyZf5uQXjkuYydWvA==
  dependencies:
    "@types/react" "*"
    hoist-non-react-statics "^3.3.0"

"@types/prop-types@*":
  version "15.7.5"
  resolved "https://registry.yarnpkg.com/@types/prop-types/-/prop-types-15.7.5.tgz#5f19d2b85a98e9558036f6a3cacc8819420f05cf"
  integrity sha512-JCB8C6SnDoQf0cNycqd/35A7MjcnK+ZTqE7judS6o7utxUCg6imJg3QK2qzHKszlTjcj2cn+NwMB2i96ubpj7w==

"@types/react@*", "@types/react@16 || 17 || 18":
  version "18.2.8"
  resolved "https://registry.yarnpkg.com/@types/react/-/react-18.2.8.tgz#a77dcffe4e9af148ca4aa8000c51a1e8ed99e2c8"
  integrity sha512-lTyWUNrd8ntVkqycEEplasWy2OxNlShj3zqS0LuB1ENUGis5HodmhM7DtCoUGbxj3VW/WsGA0DUhpG6XrM7gPA==
  dependencies:
    "@types/prop-types" "*"
    "@types/scheduler" "*"
    csstype "^3.0.2"

"@types/scheduler@*":
  version "0.16.3"
  resolved "https://registry.yarnpkg.com/@types/scheduler/-/scheduler-0.16.3.tgz#cef09e3ec9af1d63d2a6cc5b383a737e24e6dcf5"
  integrity sha512-5cJ8CB4yAx7BH1oMvdU0Jh9lrEXyPkar6F9G/ERswkCuvP4KQZfZkSjcMbAICCpQTN4OuZn8tz0HiKv9TGZgrQ==

classnames@^2.3.2:
  version "2.3.2"
  resolved "https://registry.yarnpkg.com/classnames/-/classnames-2.3.2.tgz#351d813bf0137fcc6a76a16b88208d2560a0d924"
  integrity sha512-CSbhY4cFEJRe6/GQzIk5qXZ4Jeg5pcsP7b5peFSDpffpe1cqjASH/n9UTjBwOp6XpMSTwQ8Za2K5V02ueA7Tmw==

csstype@^3.0.2:
  version "3.1.2"
  resolved "https://registry.yarnpkg.com/csstype/-/csstype-3.1.2.tgz#1d4bf9d572f11c14031f0436e1c10bc1f571f50b"
  integrity sha512-I7K1Uu0MBPzaFKg4nI5Q7Vs2t+3gWWW648spaF+Rg7pI9ds18Ugn+lvg4SHczUdKlHI5LWBXyqfS8+DufyBsgQ==

hoist-non-react-statics@^3.3.0, hoist-non-react-statics@^3.3.2:
  version "3.3.2"
  resolved "https://registry.yarnpkg.com/hoist-non-react-statics/-/hoist-non-react-statics-3.3.2.tgz#ece0acaf71d62c2969c2ec59feff42a4b1a85b45"
  integrity sha512-/gGivxi8JPKWNm/W0jSmzcMPpfpPLc3dY/6GxhX2hQ9iGj3aDfklV4ET7NjKpSinLpJ5vafa9iiGIEZg10SfBw==
  dependencies:
    react-is "^16.7.0"

intl-messageformat@10.3.5:
  version "10.3.5"
  resolved "https://registry.yarnpkg.com/intl-messageformat/-/intl-messageformat-10.3.5.tgz#f55684fc663e62616ad59d3a504ea0cac3f267b7"
  integrity sha512-6kPkftF8Jg3XJCkGKa5OD+nYQ+qcSxF4ZkuDdXZ6KGG0VXn+iblJqRFyDdm9VvKcMyC0Km2+JlVQffFM52D0YA==
  dependencies:
    "@formatjs/ecma402-abstract" "1.15.0"
    "@formatjs/fast-memoize" "2.0.1"
    "@formatjs/icu-messageformat-parser" "2.4.0"
    tslib "^2.4.0"

"js-tokens@^3.0.0 || ^4.0.0":
  version "4.0.0"
  resolved "https://registry.yarnpkg.com/js-tokens/-/js-tokens-4.0.0.tgz#19203fb59991df98e3a287050d4647cdeaf32499"
  integrity sha512-RdJUflcE3cUzKiMqQgsCu06FPu9UdIJO0beYbPhHN4k6apgJtifcoCtT9bcxOpYBtpD2kCM6Sbzg4CausW/PKQ==

loose-envify@^1.1.0:
  version "1.4.0"
  resolved "https://registry.yarnpkg.com/loose-envify/-/loose-envify-1.4.0.tgz#71ee51fa7be4caec1a63839f7e682d8132d30caf"
  integrity sha512-lyuxPGr/Wfhrlem2CL/UcnUc1zcqKAImBDzukY7Y5F/yQiNdko6+fRLevlw1HgMySw7f611UIY408EtxRSoK3Q==
  dependencies:
    js-tokens "^3.0.0 || ^4.0.0"

react-intl@^6.3.0:
  version "6.4.2"
  resolved "https://registry.yarnpkg.com/react-intl/-/react-intl-6.4.2.tgz#cf4f49f5f89e66e0975927783d0d270e708314fd"
  integrity sha512-q8QyLZfbyqV3Ifa7vtjRrgfSQPGTR6Fi+u9tP/CuzhUPl9DJEPIrvUFhlBryKtRW2qNASqchaP/79Obip+h6oA==
  dependencies:
    "@formatjs/ecma402-abstract" "1.15.0"
    "@formatjs/icu-messageformat-parser" "2.4.0"
    "@formatjs/intl" "2.7.2"
    "@formatjs/intl-displaynames" "6.3.2"
    "@formatjs/intl-listformat" "7.2.2"
    "@types/hoist-non-react-statics" "^3.3.1"
    "@types/react" "16 || 17 || 18"
    hoist-non-react-statics "^3.3.2"
    intl-messageformat "10.3.5"
    tslib "^2.4.0"

react-is@^16.7.0:
  version "16.13.1"
  resolved "https://registry.yarnpkg.com/react-is/-/react-is-16.13.1.tgz#789729a4dc36de2999dc156dd6c1d9c18cea56a4"
  integrity sha512-24e6ynE2H+OKt4kqsOvNd8kBpV65zoxbA4BVsEOB3ARVWQki/DHzaUoC5KuON/BiccDaCCTZBuOcfZs70kR8bQ==

react@^18.2.0:
  version "18.2.0"
  resolved "https://registry.yarnpkg.com/react/-/react-18.2.0.tgz#555bd98592883255fa00de14f1151a917b5d77d5"
  integrity sha512-/3IjMdb2L9QbBdWiW5e3P2/npwMBaU9mHCSCUzNln0ZCYbcfTsGbTJrU/kGemdH2IWmB2ioZ+zkxtmq6g09fGQ==
  dependencies:
    loose-envify "^1.1.0"

tslib@^2.4.0:
  version "2.5.2"
  resolved "https://registry.yarnpkg.com/tslib/-/tslib-2.5.2.tgz#1b6f07185c881557b0ffa84b111a0106989e8338"
  integrity sha512-5svOrSA2w3iGFDs1HibEVBGbDrAY82bFQ3HZ3ixB+88nsbsWQoKqDRb5UBYAUPEzbBn6dAp5gRNXglySbx1MlA==

"vtex.css-handles@http://vtex.vtexassets.com/_v/public/typings/v1/vtex.css-handles@1.0.0/public/@types/vtex.css-handles":
  version "1.0.0"
  resolved "http://vtex.vtexassets.com/_v/public/typings/v1/vtex.css-handles@1.0.0/public/@types/vtex.css-handles#336b23ef3a9bcb2b809529ba736783acd405d081"
